
Microsoft Visual Studio Solution File, Format Version 12.00
# Visual Studio Version 17
VisualStudioVersion = 17.0.31903.59
MinimumVisualStudioVersion = 10.0.40219.1
Project("{2150E333-8FDC-42A3-9474-1A3956D46DE8}") = "src", "src", "{827E0CD3-B72D-47B6-A68D-7590B98EB39B}"
EndProject
Project("{FAE04EC0-301F-11D3-BF4B-00C04F79EFBC}") = "NgIcons.AkarIcons", "src\NgIcons.AkarIcons\NgIcons.AkarIcons.csproj", "{1AF65AC7-2AC4-449C-A806-B7DF52DFA61D}"
EndProject
Project("{FAE04EC0-301F-11D3-BF4B-00C04F79EFBC}") = "NgIcons.BootstrapIcons", "src\NgIcons.BootstrapIcons\NgIcons.BootstrapIcons.csproj", "{E4B5BA3F-120B-4FF5-A89B-86C35168DEC2}"
EndProject
Project("{FAE04EC0-301F-11D3-BF4B-00C04F79EFBC}") = "NgIcons.Boxicons", "src\NgIcons.Boxicons\NgIcons.Boxicons.csproj", "{79E11BC8-EABA-40A1-B352-E1D4B6BDDAAA}"
EndProject
Project("{FAE04EC0-301F-11D3-BF4B-00C04F79EFBC}") = "NgIcons.CircumIcons", "src\NgIcons.CircumIcons\NgIcons.CircumIcons.csproj", "{89120506-A2FE-4F22-8458-D6E75433FC9F}"
EndProject
Project("{FAE04EC0-301F-11D3-BF4B-00C04F79EFBC}") = "NgIcons.Core", "src\NgIcons.Core\NgIcons.Core.csproj", "{F0D1207B-8113-4D18-BC9E-75119A14F2E9}"
EndProject
Project("{FAE04EC0-301F-11D3-BF4B-00C04F79EFBC}") = "NgIcons.CryptocurrencyIcons", "src\NgIcons.CryptocurrencyIcons\NgIcons.CryptocurrencyIcons.csproj", "{65E89234-5C49-4C94-AF7A-6A0AE6E7E806}"
EndProject
Project("{FAE04EC0-301F-11D3-BF4B-00C04F79EFBC}") = "NgIcons.CssGg", "src\NgIcons.CssGg\NgIcons.CssGg.csproj", "{195CD670-6970-434C-907B-1131DF80FB42}"
EndProject
Project("{FAE04EC0-301F-11D3-BF4B-00C04F79EFBC}") = "NgIcons.Devicon", "src\NgIcons.Devicon\NgIcons.Devicon.csproj", "{772235D5-4285-4A01-ABA4-C2C55742DBD1}"
EndProject
Project("{FAE04EC0-301F-11D3-BF4B-00C04F79EFBC}") = "NgIcons.Dripicons", "src\NgIcons.Dripicons\NgIcons.Dripicons.csproj", "{1859D2E9-3B3C-4BCE-A785-CF559D626B28}"
EndProject
Project("{FAE04EC0-301F-11D3-BF4B-00C04F79EFBC}") = "NgIcons.FeatherIcons", "src\NgIcons.FeatherIcons\NgIcons.FeatherIcons.csproj", "{DE7F8889-DD14-40C1-BDBB-4736A2B0D6C1}"
EndProject
Project("{FAE04EC0-301F-11D3-BF4B-00C04F79EFBC}") = "NgIcons.FlagIcons", "src\NgIcons.FlagIcons\NgIcons.FlagIcons.csproj", "{F93EF15D-424C-425C-A3CC-C2690F8A8FDF}"
EndProject
Project("{FAE04EC0-301F-11D3-BF4B-00C04F79EFBC}") = "NgIcons.FontAwesome", "src\NgIcons.FontAwesome\NgIcons.FontAwesome.csproj", "{2DA7F982-257C-4B73-8659-4A370308EA43}"
EndProject
Project("{FAE04EC0-301F-11D3-BF4B-00C04F79EFBC}") = "NgIcons.GameIcons", "src\NgIcons.GameIcons\NgIcons.GameIcons.csproj", "{495C0658-EE95-4FDA-AC59-4B9D26F0EFFD}"
EndProject
Project("{FAE04EC0-301F-11D3-BF4B-00C04F79EFBC}") = "NgIcons.Heroicons", "src\NgIcons.Heroicons\NgIcons.Heroicons.csproj", "{A05D2D83-9584-4D07-AC7C-6F44D1A2AD80}"
EndProject
Project("{FAE04EC0-301F-11D3-BF4B-00C04F79EFBC}") = "NgIcons.HugeIcons", "src\NgIcons.HugeIcons\NgIcons.HugeIcons.csproj", "{A483BFB8-512B-48BF-B4E5-69E0883432CE}"
EndProject
Project("{FAE04EC0-301F-11D3-BF4B-00C04F79EFBC}") = "NgIcons.Iconoir", "src\NgIcons.Iconoir\NgIcons.Iconoir.csproj", "{4F2065C2-6FC6-4F2E-AAAB-54F0199F02FA}"
EndProject
Project("{FAE04EC0-301F-11D3-BF4B-00C04F79EFBC}") = "NgIcons.Iconsax", "src\NgIcons.Iconsax\NgIcons.Iconsax.csproj", "{9A5CECF1-858C-49AB-BA83-08932209BCEE}"
EndProject
Project("{FAE04EC0-301F-11D3-BF4B-00C04F79EFBC}") = "NgIcons.Ionicons", "src\NgIcons.Ionicons\NgIcons.Ionicons.csproj", "{F61FC4DE-7C70-4A8E-8218-4B931F68FF09}"
EndProject
Project("{FAE04EC0-301F-11D3-BF4B-00C04F79EFBC}") = "NgIcons.JamIcons", "src\NgIcons.JamIcons\NgIcons.JamIcons.csproj", "{E445CE5A-B9EF-42F1-9DB2-8AF32BFF83A1}"
EndProject
Project("{FAE04EC0-301F-11D3-BF4B-00C04F79EFBC}") = "NgIcons.LetsIcons", "src\NgIcons.LetsIcons\NgIcons.LetsIcons.csproj", "{EF363947-7973-4856-8415-882E43E6D49F}"
EndProject
Project("{FAE04EC0-301F-11D3-BF4B-00C04F79EFBC}") = "NgIcons.Lucide", "src\NgIcons.Lucide\NgIcons.Lucide.csproj", "{610BDB8A-246E-408B-B74F-82F1A8B86456}"
EndProject
Project("{FAE04EC0-301F-11D3-BF4B-00C04F79EFBC}") = "NgIcons.MaterialFileIcons", "src\NgIcons.MaterialFileIcons\NgIcons.MaterialFileIcons.csproj", "{437CC7AF-CA55-4DAA-A467-C3DE65DE20ED}"
EndProject
Project("{FAE04EC0-301F-11D3-BF4B-00C04F79EFBC}") = "NgIcons.MaterialIcons", "src\NgIcons.MaterialIcons\NgIcons.MaterialIcons.csproj", "{8CBA58C2-B7A9-4251-B483-4600F0E3CFAD}"
EndProject
Project("{FAE04EC0-301F-11D3-BF4B-00C04F79EFBC}") = "NgIcons.MaterialSymbols", "src\NgIcons.MaterialSymbols\NgIcons.MaterialSymbols.csproj", "{CB53C8C6-9686-46F1-B56A-9CE4C240B50B}"
EndProject
Project("{FAE04EC0-301F-11D3-BF4B-00C04F79EFBC}") = "NgIcons.Mynaui", "src\NgIcons.Mynaui\NgIcons.Mynaui.csproj", "{7E83BDC0-40F6-4FC9-A986-0C5E37E41603}"
EndProject
Project("{FAE04EC0-301F-11D3-BF4B-00C04F79EFBC}") = "NgIcons.Octicons", "src\NgIcons.Octicons\NgIcons.Octicons.csproj", "{B9D931C0-F068-4646-AAA5-D7C5DB315F8A}"
EndProject
Project("{FAE04EC0-301F-11D3-BF4B-00C04F79EFBC}") = "NgIcons.PhosphorIcons", "src\NgIcons.PhosphorIcons\NgIcons.PhosphorIcons.csproj", "{06587DE9-13B1-48E1-AB0E-F6863C2948FC}"
EndProject
Project("{FAE04EC0-301F-11D3-BF4B-00C04F79EFBC}") = "NgIcons.RadixIcons", "src\NgIcons.RadixIcons\NgIcons.RadixIcons.csproj", "{44963F98-946A-414E-986D-7306F735A2CE}"
EndProject
Project("{FAE04EC0-301F-11D3-BF4B-00C04F79EFBC}") = "NgIcons.Remixicon", "src\NgIcons.Remixicon\NgIcons.Remixicon.csproj", "{B3BB88D6-B8B7-46F4-80FB-F8890D17A310}"
EndProject
Project("{FAE04EC0-301F-11D3-BF4B-00C04F79EFBC}") = "NgIcons.Schematics", "src\NgIcons.Schematics\NgIcons.Schematics.csproj", "{960A8390-CB21-4240-8D19-8F2B1A1ACB3D}"
EndProject
Project("{FAE04EC0-301F-11D3-BF4B-00C04F79EFBC}") = "NgIcons.SimpleIcons", "src\NgIcons.SimpleIcons\NgIcons.SimpleIcons.csproj", "{13A96256-5D8D-48A4-A56A-1B3C941444F2}"
EndProject
Project("{FAE04EC0-301F-11D3-BF4B-00C04F79EFBC}") = "NgIcons.SolarIcons", "src\NgIcons.SolarIcons\NgIcons.SolarIcons.csproj", "{FA7A5CA1-11B1-4DC8-AEDC-475B2D447180}"
EndProject
Project("{FAE04EC0-301F-11D3-BF4B-00C04F79EFBC}") = "NgIcons.Svgl", "src\NgIcons.Svgl\NgIcons.Svgl.csproj", "{24D868FF-4CE0-4DC4-B2DB-B8512AEDD07A}"
EndProject
Project("{FAE04EC0-301F-11D3-BF4B-00C04F79EFBC}") = "NgIcons.TablerIcons", "src\NgIcons.TablerIcons\NgIcons.TablerIcons.csproj", "{74A84D95-DC4E-4DF3-9F03-78ECE4B8E7FB}"
EndProject
Project("{FAE04EC0-301F-11D3-BF4B-00C04F79EFBC}") = "NgIcons.TdesignIcons", "src\NgIcons.TdesignIcons\NgIcons.TdesignIcons.csproj", "{BCD5747E-19F1-4056-B0C1-3E20B0B97ABC}"
EndProject
Project("{FAE04EC0-301F-11D3-BF4B-00C04F79EFBC}") = "NgIcons.Typicons", "src\NgIcons.Typicons\NgIcons.Typicons.csproj", "{E236B97E-3553-4D42-9570-09E6041466B1}"
EndProject
Project("{FAE04EC0-301F-11D3-BF4B-00C04F79EFBC}") = "NgIcons.UxAspects", "src\NgIcons.UxAspects\NgIcons.UxAspects.csproj", "{C52790C4-25BF-457B-B5C6-0AB15EF22186}"
EndProject
Project("{2150E333-8FDC-42A3-9474-1A3956D46DE8}") = "samples", "samples", "{5D20AA90-6969-D8BD-9DCD-8634F4692FDA}"
EndProject
Project("{FAE04EC0-301F-11D3-BF4B-00C04F79EFBC}") = "NgIcons.Demo", "samples\NgIcons.Demo\NgIcons.Demo.csproj", "{BC17EE26-5559-4A8C-967F-4EC0AF388A54}"
EndProject
Global
	GlobalSection(SolutionConfigurationPlatforms) = preSolution
		Debug|Any CPU = Debug|Any CPU
		Debug|x64 = Debug|x64
		Debug|x86 = Debug|x86
		Release|Any CPU = Release|Any CPU
		Release|x64 = Release|x64
		Release|x86 = Release|x86
	EndGlobalSection
	GlobalSection(ProjectConfigurationPlatforms) = postSolution
		{1AF65AC7-2AC4-449C-A806-B7DF52DFA61D}.Debug|Any CPU.ActiveCfg = Debug|Any CPU
		{1AF65AC7-2AC4-449C-A806-B7DF52DFA61D}.Debug|Any CPU.Build.0 = Debug|Any CPU
		{1AF65AC7-2AC4-449C-A806-B7DF52DFA61D}.Debug|x64.ActiveCfg = Debug|Any CPU
		{1AF65AC7-2AC4-449C-A806-B7DF52DFA61D}.Debug|x64.Build.0 = Debug|Any CPU
		{1AF65AC7-2AC4-449C-A806-B7DF52DFA61D}.Debug|x86.ActiveCfg = Debug|Any CPU
		{1AF65AC7-2AC4-449C-A806-B7DF52DFA61D}.Debug|x86.Build.0 = Debug|Any CPU
		{1AF65AC7-2AC4-449C-A806-B7DF52DFA61D}.Release|Any CPU.ActiveCfg = Release|Any CPU
		{1AF65AC7-2AC4-449C-A806-B7DF52DFA61D}.Release|Any CPU.Build.0 = Release|Any CPU
		{1AF65AC7-2AC4-449C-A806-B7DF52DFA61D}.Release|x64.ActiveCfg = Release|Any CPU
		{1AF65AC7-2AC4-449C-A806-B7DF52DFA61D}.Release|x64.Build.0 = Release|Any CPU
		{1AF65AC7-2AC4-449C-A806-B7DF52DFA61D}.Release|x86.ActiveCfg = Release|Any CPU
		{1AF65AC7-2AC4-449C-A806-B7DF52DFA61D}.Release|x86.Build.0 = Release|Any CPU
		{E4B5BA3F-120B-4FF5-A89B-86C35168DEC2}.Debug|Any CPU.ActiveCfg = Debug|Any CPU
		{E4B5BA3F-120B-4FF5-A89B-86C35168DEC2}.Debug|Any CPU.Build.0 = Debug|Any CPU
		{E4B5BA3F-120B-4FF5-A89B-86C35168DEC2}.Debug|x64.ActiveCfg = Debug|Any CPU
		{E4B5BA3F-120B-4FF5-A89B-86C35168DEC2}.Debug|x64.Build.0 = Debug|Any CPU
		{E4B5BA3F-120B-4FF5-A89B-86C35168DEC2}.Debug|x86.ActiveCfg = Debug|Any CPU
		{E4B5BA3F-120B-4FF5-A89B-86C35168DEC2}.Debug|x86.Build.0 = Debug|Any CPU
		{E4B5BA3F-120B-4FF5-A89B-86C35168DEC2}.Release|Any CPU.ActiveCfg = Release|Any CPU
		{E4B5BA3F-120B-4FF5-A89B-86C35168DEC2}.Release|Any CPU.Build.0 = Release|Any CPU
		{E4B5BA3F-120B-4FF5-A89B-86C35168DEC2}.Release|x64.ActiveCfg = Release|Any CPU
		{E4B5BA3F-120B-4FF5-A89B-86C35168DEC2}.Release|x64.Build.0 = Release|Any CPU
		{E4B5BA3F-120B-4FF5-A89B-86C35168DEC2}.Release|x86.ActiveCfg = Release|Any CPU
		{E4B5BA3F-120B-4FF5-A89B-86C35168DEC2}.Release|x86.Build.0 = Release|Any CPU
		{79E11BC8-EABA-40A1-B352-E1D4B6BDDAAA}.Debug|Any CPU.ActiveCfg = Debug|Any CPU
		{79E11BC8-EABA-40A1-B352-E1D4B6BDDAAA}.Debug|Any CPU.Build.0 = Debug|Any CPU
		{79E11BC8-EABA-40A1-B352-E1D4B6BDDAAA}.Debug|x64.ActiveCfg = Debug|Any CPU
		{79E11BC8-EABA-40A1-B352-E1D4B6BDDAAA}.Debug|x64.Build.0 = Debug|Any CPU
		{79E11BC8-EABA-40A1-B352-E1D4B6BDDAAA}.Debug|x86.ActiveCfg = Debug|Any CPU
		{79E11BC8-EABA-40A1-B352-E1D4B6BDDAAA}.Debug|x86.Build.0 = Debug|Any CPU
		{79E11BC8-EABA-40A1-B352-E1D4B6BDDAAA}.Release|Any CPU.ActiveCfg = Release|Any CPU
		{79E11BC8-EABA-40A1-B352-E1D4B6BDDAAA}.Release|Any CPU.Build.0 = Release|Any CPU
		{79E11BC8-EABA-40A1-B352-E1D4B6BDDAAA}.Release|x64.ActiveCfg = Release|Any CPU
		{79E11BC8-EABA-40A1-B352-E1D4B6BDDAAA}.Release|x64.Build.0 = Release|Any CPU
		{79E11BC8-EABA-40A1-B352-E1D4B6BDDAAA}.Release|x86.ActiveCfg = Release|Any CPU
		{79E11BC8-EABA-40A1-B352-E1D4B6BDDAAA}.Release|x86.Build.0 = Release|Any CPU
		{89120506-A2FE-4F22-8458-D6E75433FC9F}.Debug|Any CPU.ActiveCfg = Debug|Any CPU
		{89120506-A2FE-4F22-8458-D6E75433FC9F}.Debug|Any CPU.Build.0 = Debug|Any CPU
		{89120506-A2FE-4F22-8458-D6E75433FC9F}.Debug|x64.ActiveCfg = Debug|Any CPU
		{89120506-A2FE-4F22-8458-D6E75433FC9F}.Debug|x64.Build.0 = Debug|Any CPU
		{89120506-A2FE-4F22-8458-D6E75433FC9F}.Debug|x86.ActiveCfg = Debug|Any CPU
		{89120506-A2FE-4F22-8458-D6E75433FC9F}.Debug|x86.Build.0 = Debug|Any CPU
		{89120506-A2FE-4F22-8458-D6E75433FC9F}.Release|Any CPU.ActiveCfg = Release|Any CPU
		{89120506-A2FE-4F22-8458-D6E75433FC9F}.Release|Any CPU.Build.0 = Release|Any CPU
		{89120506-A2FE-4F22-8458-D6E75433FC9F}.Release|x64.ActiveCfg = Release|Any CPU
		{89120506-A2FE-4F22-8458-D6E75433FC9F}.Release|x64.Build.0 = Release|Any CPU
		{89120506-A2FE-4F22-8458-D6E75433FC9F}.Release|x86.ActiveCfg = Release|Any CPU
		{89120506-A2FE-4F22-8458-D6E75433FC9F}.Release|x86.Build.0 = Release|Any CPU
		{F0D1207B-8113-4D18-BC9E-75119A14F2E9}.Debug|Any CPU.ActiveCfg = Debug|Any CPU
		{F0D1207B-8113-4D18-BC9E-75119A14F2E9}.Debug|Any CPU.Build.0 = Debug|Any CPU
		{F0D1207B-8113-4D18-BC9E-75119A14F2E9}.Debug|x64.ActiveCfg = Debug|Any CPU
		{F0D1207B-8113-4D18-BC9E-75119A14F2E9}.Debug|x64.Build.0 = Debug|Any CPU
		{F0D1207B-8113-4D18-BC9E-75119A14F2E9}.Debug|x86.ActiveCfg = Debug|Any CPU
		{F0D1207B-8113-4D18-BC9E-75119A14F2E9}.Debug|x86.Build.0 = Debug|Any CPU
		{F0D1207B-8113-4D18-BC9E-75119A14F2E9}.Release|Any CPU.ActiveCfg = Release|Any CPU
		{F0D1207B-8113-4D18-BC9E-75119A14F2E9}.Release|Any CPU.Build.0 = Release|Any CPU
		{F0D1207B-8113-4D18-BC9E-75119A14F2E9}.Release|x64.ActiveCfg = Release|Any CPU
		{F0D1207B-8113-4D18-BC9E-75119A14F2E9}.Release|x64.Build.0 = Release|Any CPU
		{F0D1207B-8113-4D18-BC9E-75119A14F2E9}.Release|x86.ActiveCfg = Release|Any CPU
		{F0D1207B-8113-4D18-BC9E-75119A14F2E9}.Release|x86.Build.0 = Release|Any CPU
		{65E89234-5C49-4C94-AF7A-6A0AE6E7E806}.Debug|Any CPU.ActiveCfg = Debug|Any CPU
		{65E89234-5C49-4C94-AF7A-6A0AE6E7E806}.Debug|Any CPU.Build.0 = Debug|Any CPU
		{65E89234-5C49-4C94-AF7A-6A0AE6E7E806}.Debug|x64.ActiveCfg = Debug|Any CPU
		{65E89234-5C49-4C94-AF7A-6A0AE6E7E806}.Debug|x64.Build.0 = Debug|Any CPU
		{65E89234-5C49-4C94-AF7A-6A0AE6E7E806}.Debug|x86.ActiveCfg = Debug|Any CPU
		{65E89234-5C49-4C94-AF7A-6A0AE6E7E806}.Debug|x86.Build.0 = Debug|Any CPU
		{65E89234-5C49-4C94-AF7A-6A0AE6E7E806}.Release|Any CPU.ActiveCfg = Release|Any CPU
		{65E89234-5C49-4C94-AF7A-6A0AE6E7E806}.Release|Any CPU.Build.0 = Release|Any CPU
		{65E89234-5C49-4C94-AF7A-6A0AE6E7E806}.Release|x64.ActiveCfg = Release|Any CPU
		{65E89234-5C49-4C94-AF7A-6A0AE6E7E806}.Release|x64.Build.0 = Release|Any CPU
		{65E89234-5C49-4C94-AF7A-6A0AE6E7E806}.Release|x86.ActiveCfg = Release|Any CPU
		{65E89234-5C49-4C94-AF7A-6A0AE6E7E806}.Release|x86.Build.0 = Release|Any CPU
		{195CD670-6970-434C-907B-1131DF80FB42}.Debug|Any CPU.ActiveCfg = Debug|Any CPU
		{195CD670-6970-434C-907B-1131DF80FB42}.Debug|Any CPU.Build.0 = Debug|Any CPU
		{195CD670-6970-434C-907B-1131DF80FB42}.Debug|x64.ActiveCfg = Debug|Any CPU
		{195CD670-6970-434C-907B-1131DF80FB42}.Debug|x64.Build.0 = Debug|Any CPU
		{195CD670-6970-434C-907B-1131DF80FB42}.Debug|x86.ActiveCfg = Debug|Any CPU
		{195CD670-6970-434C-907B-1131DF80FB42}.Debug|x86.Build.0 = Debug|Any CPU
		{195CD670-6970-434C-907B-1131DF80FB42}.Release|Any CPU.ActiveCfg = Release|Any CPU
		{195CD670-6970-434C-907B-1131DF80FB42}.Release|Any CPU.Build.0 = Release|Any CPU
		{195CD670-6970-434C-907B-1131DF80FB42}.Release|x64.ActiveCfg = Release|Any CPU
		{195CD670-6970-434C-907B-1131DF80FB42}.Release|x64.Build.0 = Release|Any CPU
		{195CD670-6970-434C-907B-1131DF80FB42}.Release|x86.ActiveCfg = Release|Any CPU
		{195CD670-6970-434C-907B-1131DF80FB42}.Release|x86.Build.0 = Release|Any CPU
		{772235D5-4285-4A01-ABA4-C2C55742DBD1}.Debug|Any CPU.ActiveCfg = Debug|Any CPU
		{772235D5-4285-4A01-ABA4-C2C55742DBD1}.Debug|Any CPU.Build.0 = Debug|Any CPU
		{772235D5-4285-4A01-ABA4-C2C55742DBD1}.Debug|x64.ActiveCfg = Debug|Any CPU
		{772235D5-4285-4A01-ABA4-C2C55742DBD1}.Debug|x64.Build.0 = Debug|Any CPU
		{772235D5-4285-4A01-ABA4-C2C55742DBD1}.Debug|x86.ActiveCfg = Debug|Any CPU
		{772235D5-4285-4A01-ABA4-C2C55742DBD1}.Debug|x86.Build.0 = Debug|Any CPU
		{772235D5-4285-4A01-ABA4-C2C55742DBD1}.Release|Any CPU.ActiveCfg = Release|Any CPU
		{772235D5-4285-4A01-ABA4-C2C55742DBD1}.Release|Any CPU.Build.0 = Release|Any CPU
		{772235D5-4285-4A01-ABA4-C2C55742DBD1}.Release|x64.ActiveCfg = Release|Any CPU
		{772235D5-4285-4A01-ABA4-C2C55742DBD1}.Release|x64.Build.0 = Release|Any CPU
		{772235D5-4285-4A01-ABA4-C2C55742DBD1}.Release|x86.ActiveCfg = Release|Any CPU
		{772235D5-4285-4A01-ABA4-C2C55742DBD1}.Release|x86.Build.0 = Release|Any CPU
		{1859D2E9-3B3C-4BCE-A785-CF559D626B28}.Debug|Any CPU.ActiveCfg = Debug|Any CPU
		{1859D2E9-3B3C-4BCE-A785-CF559D626B28}.Debug|Any CPU.Build.0 = Debug|Any CPU
		{1859D2E9-3B3C-4BCE-A785-CF559D626B28}.Debug|x64.ActiveCfg = Debug|Any CPU
		{1859D2E9-3B3C-4BCE-A785-CF559D626B28}.Debug|x64.Build.0 = Debug|Any CPU
		{1859D2E9-3B3C-4BCE-A785-CF559D626B28}.Debug|x86.ActiveCfg = Debug|Any CPU
		{1859D2E9-3B3C-4BCE-A785-CF559D626B28}.Debug|x86.Build.0 = Debug|Any CPU
		{1859D2E9-3B3C-4BCE-A785-CF559D626B28}.Release|Any CPU.ActiveCfg = Release|Any CPU
		{1859D2E9-3B3C-4BCE-A785-CF559D626B28}.Release|Any CPU.Build.0 = Release|Any CPU
		{1859D2E9-3B3C-4BCE-A785-CF559D626B28}.Release|x64.ActiveCfg = Release|Any CPU
		{1859D2E9-3B3C-4BCE-A785-CF559D626B28}.Release|x64.Build.0 = Release|Any CPU
		{1859D2E9-3B3C-4BCE-A785-CF559D626B28}.Release|x86.ActiveCfg = Release|Any CPU
		{1859D2E9-3B3C-4BCE-A785-CF559D626B28}.Release|x86.Build.0 = Release|Any CPU
		{DE7F8889-DD14-40C1-BDBB-4736A2B0D6C1}.Debug|Any CPU.ActiveCfg = Debug|Any CPU
		{DE7F8889-DD14-40C1-BDBB-4736A2B0D6C1}.Debug|Any CPU.Build.0 = Debug|Any CPU
		{DE7F8889-DD14-40C1-BDBB-4736A2B0D6C1}.Debug|x64.ActiveCfg = Debug|Any CPU
		{DE7F8889-DD14-40C1-BDBB-4736A2B0D6C1}.Debug|x64.Build.0 = Debug|Any CPU
		{DE7F8889-DD14-40C1-BDBB-4736A2B0D6C1}.Debug|x86.ActiveCfg = Debug|Any CPU
		{DE7F8889-DD14-40C1-BDBB-4736A2B0D6C1}.Debug|x86.Build.0 = Debug|Any CPU
		{DE7F8889-DD14-40C1-BDBB-4736A2B0D6C1}.Release|Any CPU.ActiveCfg = Release|Any CPU
		{DE7F8889-DD14-40C1-BDBB-4736A2B0D6C1}.Release|Any CPU.Build.0 = Release|Any CPU
		{DE7F8889-DD14-40C1-BDBB-4736A2B0D6C1}.Release|x64.ActiveCfg = Release|Any CPU
		{DE7F8889-DD14-40C1-BDBB-4736A2B0D6C1}.Release|x64.Build.0 = Release|Any CPU
		{DE7F8889-DD14-40C1-BDBB-4736A2B0D6C1}.Release|x86.ActiveCfg = Release|Any CPU
		{DE7F8889-DD14-40C1-BDBB-4736A2B0D6C1}.Release|x86.Build.0 = Release|Any CPU
		{F93EF15D-424C-425C-A3CC-C2690F8A8FDF}.Debug|Any CPU.ActiveCfg = Debug|Any CPU
		{F93EF15D-424C-425C-A3CC-C2690F8A8FDF}.Debug|Any CPU.Build.0 = Debug|Any CPU
		{F93EF15D-424C-425C-A3CC-C2690F8A8FDF}.Debug|x64.ActiveCfg = Debug|Any CPU
		{F93EF15D-424C-425C-A3CC-C2690F8A8FDF}.Debug|x64.Build.0 = Debug|Any CPU
		{F93EF15D-424C-425C-A3CC-C2690F8A8FDF}.Debug|x86.ActiveCfg = Debug|Any CPU
		{F93EF15D-424C-425C-A3CC-C2690F8A8FDF}.Debug|x86.Build.0 = Debug|Any CPU
		{F93EF15D-424C-425C-A3CC-C2690F8A8FDF}.Release|Any CPU.ActiveCfg = Release|Any CPU
		{F93EF15D-424C-425C-A3CC-C2690F8A8FDF}.Release|Any CPU.Build.0 = Release|Any CPU
		{F93EF15D-424C-425C-A3CC-C2690F8A8FDF}.Release|x64.ActiveCfg = Release|Any CPU
		{F93EF15D-424C-425C-A3CC-C2690F8A8FDF}.Release|x64.Build.0 = Release|Any CPU
		{F93EF15D-424C-425C-A3CC-C2690F8A8FDF}.Release|x86.ActiveCfg = Release|Any CPU
		{F93EF15D-424C-425C-A3CC-C2690F8A8FDF}.Release|x86.Build.0 = Release|Any CPU
		{2DA7F982-257C-4B73-8659-4A370308EA43}.Debug|Any CPU.ActiveCfg = Debug|Any CPU
		{2DA7F982-257C-4B73-8659-4A370308EA43}.Debug|Any CPU.Build.0 = Debug|Any CPU
		{2DA7F982-257C-4B73-8659-4A370308EA43}.Debug|x64.ActiveCfg = Debug|Any CPU
		{2DA7F982-257C-4B73-8659-4A370308EA43}.Debug|x64.Build.0 = Debug|Any CPU
		{2DA7F982-257C-4B73-8659-4A370308EA43}.Debug|x86.ActiveCfg = Debug|Any CPU
		{2DA7F982-257C-4B73-8659-4A370308EA43}.Debug|x86.Build.0 = Debug|Any CPU
		{2DA7F982-257C-4B73-8659-4A370308EA43}.Release|Any CPU.ActiveCfg = Release|Any CPU
		{2DA7F982-257C-4B73-8659-4A370308EA43}.Release|Any CPU.Build.0 = Release|Any CPU
		{2DA7F982-257C-4B73-8659-4A370308EA43}.Release|x64.ActiveCfg = Release|Any CPU
		{2DA7F982-257C-4B73-8659-4A370308EA43}.Release|x64.Build.0 = Release|Any CPU
		{2DA7F982-257C-4B73-8659-4A370308EA43}.Release|x86.ActiveCfg = Release|Any CPU
		{2DA7F982-257C-4B73-8659-4A370308EA43}.Release|x86.Build.0 = Release|Any CPU
		{495C0658-EE95-4FDA-AC59-4B9D26F0EFFD}.Debug|Any CPU.ActiveCfg = Debug|Any CPU
		{495C0658-EE95-4FDA-AC59-4B9D26F0EFFD}.Debug|Any CPU.Build.0 = Debug|Any CPU
		{495C0658-EE95-4FDA-AC59-4B9D26F0EFFD}.Debug|x64.ActiveCfg = Debug|Any CPU
		{495C0658-EE95-4FDA-AC59-4B9D26F0EFFD}.Debug|x64.Build.0 = Debug|Any CPU
		{495C0658-EE95-4FDA-AC59-4B9D26F0EFFD}.Debug|x86.ActiveCfg = Debug|Any CPU
		{495C0658-EE95-4FDA-AC59-4B9D26F0EFFD}.Debug|x86.Build.0 = Debug|Any CPU
		{495C0658-EE95-4FDA-AC59-4B9D26F0EFFD}.Release|Any CPU.ActiveCfg = Release|Any CPU
		{495C0658-EE95-4FDA-AC59-4B9D26F0EFFD}.Release|Any CPU.Build.0 = Release|Any CPU
		{495C0658-EE95-4FDA-AC59-4B9D26F0EFFD}.Release|x64.ActiveCfg = Release|Any CPU
		{495C0658-EE95-4FDA-AC59-4B9D26F0EFFD}.Release|x64.Build.0 = Release|Any CPU
		{495C0658-EE95-4FDA-AC59-4B9D26F0EFFD}.Release|x86.ActiveCfg = Release|Any CPU
		{495C0658-EE95-4FDA-AC59-4B9D26F0EFFD}.Release|x86.Build.0 = Release|Any CPU
		{A05D2D83-9584-4D07-AC7C-6F44D1A2AD80}.Debug|Any CPU.ActiveCfg = Debug|Any CPU
		{A05D2D83-9584-4D07-AC7C-6F44D1A2AD80}.Debug|Any CPU.Build.0 = Debug|Any CPU
		{A05D2D83-9584-4D07-AC7C-6F44D1A2AD80}.Debug|x64.ActiveCfg = Debug|Any CPU
		{A05D2D83-9584-4D07-AC7C-6F44D1A2AD80}.Debug|x64.Build.0 = Debug|Any CPU
		{A05D2D83-9584-4D07-AC7C-6F44D1A2AD80}.Debug|x86.ActiveCfg = Debug|Any CPU
		{A05D2D83-9584-4D07-AC7C-6F44D1A2AD80}.Debug|x86.Build.0 = Debug|Any CPU
		{A05D2D83-9584-4D07-AC7C-6F44D1A2AD80}.Release|Any CPU.ActiveCfg = Release|Any CPU
		{A05D2D83-9584-4D07-AC7C-6F44D1A2AD80}.Release|Any CPU.Build.0 = Release|Any CPU
		{A05D2D83-9584-4D07-AC7C-6F44D1A2AD80}.Release|x64.ActiveCfg = Release|Any CPU
		{A05D2D83-9584-4D07-AC7C-6F44D1A2AD80}.Release|x64.Build.0 = Release|Any CPU
		{A05D2D83-9584-4D07-AC7C-6F44D1A2AD80}.Release|x86.ActiveCfg = Release|Any CPU
		{A05D2D83-9584-4D07-AC7C-6F44D1A2AD80}.Release|x86.Build.0 = Release|Any CPU
		{A483BFB8-512B-48BF-B4E5-69E0883432CE}.Debug|Any CPU.ActiveCfg = Debug|Any CPU
		{A483BFB8-512B-48BF-B4E5-69E0883432CE}.Debug|Any CPU.Build.0 = Debug|Any CPU
		{A483BFB8-512B-48BF-B4E5-69E0883432CE}.Debug|x64.ActiveCfg = Debug|Any CPU
		{A483BFB8-512B-48BF-B4E5-69E0883432CE}.Debug|x64.Build.0 = Debug|Any CPU
		{A483BFB8-512B-48BF-B4E5-69E0883432CE}.Debug|x86.ActiveCfg = Debug|Any CPU
		{A483BFB8-512B-48BF-B4E5-69E0883432CE}.Debug|x86.Build.0 = Debug|Any CPU
		{A483BFB8-512B-48BF-B4E5-69E0883432CE}.Release|Any CPU.ActiveCfg = Release|Any CPU
		{A483BFB8-512B-48BF-B4E5-69E0883432CE}.Release|Any CPU.Build.0 = Release|Any CPU
		{A483BFB8-512B-48BF-B4E5-69E0883432CE}.Release|x64.ActiveCfg = Release|Any CPU
		{A483BFB8-512B-48BF-B4E5-69E0883432CE}.Release|x64.Build.0 = Release|Any CPU
		{A483BFB8-512B-48BF-B4E5-69E0883432CE}.Release|x86.ActiveCfg = Release|Any CPU
		{A483BFB8-512B-48BF-B4E5-69E0883432CE}.Release|x86.Build.0 = Release|Any CPU
		{4F2065C2-6FC6-4F2E-AAAB-54F0199F02FA}.Debug|Any CPU.ActiveCfg = Debug|Any CPU
		{4F2065C2-6FC6-4F2E-AAAB-54F0199F02FA}.Debug|Any CPU.Build.0 = Debug|Any CPU
		{4F2065C2-6FC6-4F2E-AAAB-54F0199F02FA}.Debug|x64.ActiveCfg = Debug|Any CPU
		{4F2065C2-6FC6-4F2E-AAAB-54F0199F02FA}.Debug|x64.Build.0 = Debug|Any CPU
		{4F2065C2-6FC6-4F2E-AAAB-54F0199F02FA}.Debug|x86.ActiveCfg = Debug|Any CPU
		{4F2065C2-6FC6-4F2E-AAAB-54F0199F02FA}.Debug|x86.Build.0 = Debug|Any CPU
		{4F2065C2-6FC6-4F2E-AAAB-54F0199F02FA}.Release|Any CPU.ActiveCfg = Release|Any CPU
		{4F2065C2-6FC6-4F2E-AAAB-54F0199F02FA}.Release|Any CPU.Build.0 = Release|Any CPU
		{4F2065C2-6FC6-4F2E-AAAB-54F0199F02FA}.Release|x64.ActiveCfg = Release|Any CPU
		{4F2065C2-6FC6-4F2E-AAAB-54F0199F02FA}.Release|x64.Build.0 = Release|Any CPU
		{4F2065C2-6FC6-4F2E-AAAB-54F0199F02FA}.Release|x86.ActiveCfg = Release|Any CPU
		{4F2065C2-6FC6-4F2E-AAAB-54F0199F02FA}.Release|x86.Build.0 = Release|Any CPU
		{9A5CECF1-858C-49AB-BA83-08932209BCEE}.Debug|Any CPU.ActiveCfg = Debug|Any CPU
		{9A5CECF1-858C-49AB-BA83-08932209BCEE}.Debug|Any CPU.Build.0 = Debug|Any CPU
		{9A5CECF1-858C-49AB-BA83-08932209BCEE}.Debug|x64.ActiveCfg = Debug|Any CPU
		{9A5CECF1-858C-49AB-BA83-08932209BCEE}.Debug|x64.Build.0 = Debug|Any CPU
		{9A5CECF1-858C-49AB-BA83-08932209BCEE}.Debug|x86.ActiveCfg = Debug|Any CPU
		{9A5CECF1-858C-49AB-BA83-08932209BCEE}.Debug|x86.Build.0 = Debug|Any CPU
		{9A5CECF1-858C-49AB-BA83-08932209BCEE}.Release|Any CPU.ActiveCfg = Release|Any CPU
		{9A5CECF1-858C-49AB-BA83-08932209BCEE}.Release|Any CPU.Build.0 = Release|Any CPU
		{9A5CECF1-858C-49AB-BA83-08932209BCEE}.Release|x64.ActiveCfg = Release|Any CPU
		{9A5CECF1-858C-49AB-BA83-08932209BCEE}.Release|x64.Build.0 = Release|Any CPU
		{9A5CECF1-858C-49AB-BA83-08932209BCEE}.Release|x86.ActiveCfg = Release|Any CPU
		{9A5CECF1-858C-49AB-BA83-08932209BCEE}.Release|x86.Build.0 = Release|Any CPU
		{F61FC4DE-7C70-4A8E-8218-4B931F68FF09}.Debug|Any CPU.ActiveCfg = Debug|Any CPU
		{F61FC4DE-7C70-4A8E-8218-4B931F68FF09}.Debug|Any CPU.Build.0 = Debug|Any CPU
		{F61FC4DE-7C70-4A8E-8218-4B931F68FF09}.Debug|x64.ActiveCfg = Debug|Any CPU
		{F61FC4DE-7C70-4A8E-8218-4B931F68FF09}.Debug|x64.Build.0 = Debug|Any CPU
		{F61FC4DE-7C70-4A8E-8218-4B931F68FF09}.Debug|x86.ActiveCfg = Debug|Any CPU
		{F61FC4DE-7C70-4A8E-8218-4B931F68FF09}.Debug|x86.Build.0 = Debug|Any CPU
		{F61FC4DE-7C70-4A8E-8218-4B931F68FF09}.Release|Any CPU.ActiveCfg = Release|Any CPU
		{F61FC4DE-7C70-4A8E-8218-4B931F68FF09}.Release|Any CPU.Build.0 = Release|Any CPU
		{F61FC4DE-7C70-4A8E-8218-4B931F68FF09}.Release|x64.ActiveCfg = Release|Any CPU
		{F61FC4DE-7C70-4A8E-8218-4B931F68FF09}.Release|x64.Build.0 = Release|Any CPU
		{F61FC4DE-7C70-4A8E-8218-4B931F68FF09}.Release|x86.ActiveCfg = Release|Any CPU
		{F61FC4DE-7C70-4A8E-8218-4B931F68FF09}.Release|x86.Build.0 = Release|Any CPU
		{E445CE5A-B9EF-42F1-9DB2-8AF32BFF83A1}.Debug|Any CPU.ActiveCfg = Debug|Any CPU
		{E445CE5A-B9EF-42F1-9DB2-8AF32BFF83A1}.Debug|Any CPU.Build.0 = Debug|Any CPU
		{E445CE5A-B9EF-42F1-9DB2-8AF32BFF83A1}.Debug|x64.ActiveCfg = Debug|Any CPU
		{E445CE5A-B9EF-42F1-9DB2-8AF32BFF83A1}.Debug|x64.Build.0 = Debug|Any CPU
		{E445CE5A-B9EF-42F1-9DB2-8AF32BFF83A1}.Debug|x86.ActiveCfg = Debug|Any CPU
		{E445CE5A-B9EF-42F1-9DB2-8AF32BFF83A1}.Debug|x86.Build.0 = Debug|Any CPU
		{E445CE5A-B9EF-42F1-9DB2-8AF32BFF83A1}.Release|Any CPU.ActiveCfg = Release|Any CPU
		{E445CE5A-B9EF-42F1-9DB2-8AF32BFF83A1}.Release|Any CPU.Build.0 = Release|Any CPU
		{E445CE5A-B9EF-42F1-9DB2-8AF32BFF83A1}.Release|x64.ActiveCfg = Release|Any CPU
		{E445CE5A-B9EF-42F1-9DB2-8AF32BFF83A1}.Release|x64.Build.0 = Release|Any CPU
		{E445CE5A-B9EF-42F1-9DB2-8AF32BFF83A1}.Release|x86.ActiveCfg = Release|Any CPU
		{E445CE5A-B9EF-42F1-9DB2-8AF32BFF83A1}.Release|x86.Build.0 = Release|Any CPU
		{EF363947-7973-4856-8415-882E43E6D49F}.Debug|Any CPU.ActiveCfg = Debug|Any CPU
		{EF363947-7973-4856-8415-882E43E6D49F}.Debug|Any CPU.Build.0 = Debug|Any CPU
		{EF363947-7973-4856-8415-882E43E6D49F}.Debug|x64.ActiveCfg = Debug|Any CPU
		{EF363947-7973-4856-8415-882E43E6D49F}.Debug|x64.Build.0 = Debug|Any CPU
		{EF363947-7973-4856-8415-882E43E6D49F}.Debug|x86.ActiveCfg = Debug|Any CPU
		{EF363947-7973-4856-8415-882E43E6D49F}.Debug|x86.Build.0 = Debug|Any CPU
		{EF363947-7973-4856-8415-882E43E6D49F}.Release|Any CPU.ActiveCfg = Release|Any CPU
		{EF363947-7973-4856-8415-882E43E6D49F}.Release|Any CPU.Build.0 = Release|Any CPU
		{EF363947-7973-4856-8415-882E43E6D49F}.Release|x64.ActiveCfg = Release|Any CPU
		{EF363947-7973-4856-8415-882E43E6D49F}.Release|x64.Build.0 = Release|Any CPU
		{EF363947-7973-4856-8415-882E43E6D49F}.Release|x86.ActiveCfg = Release|Any CPU
		{EF363947-7973-4856-8415-882E43E6D49F}.Release|x86.Build.0 = Release|Any CPU
		{610BDB8A-246E-408B-B74F-82F1A8B86456}.Debug|Any CPU.ActiveCfg = Debug|Any CPU
		{610BDB8A-246E-408B-B74F-82F1A8B86456}.Debug|Any CPU.Build.0 = Debug|Any CPU
		{610BDB8A-246E-408B-B74F-82F1A8B86456}.Debug|x64.ActiveCfg = Debug|Any CPU
		{610BDB8A-246E-408B-B74F-82F1A8B86456}.Debug|x64.Build.0 = Debug|Any CPU
		{610BDB8A-246E-408B-B74F-82F1A8B86456}.Debug|x86.ActiveCfg = Debug|Any CPU
		{610BDB8A-246E-408B-B74F-82F1A8B86456}.Debug|x86.Build.0 = Debug|Any CPU
		{610BDB8A-246E-408B-B74F-82F1A8B86456}.Release|Any CPU.ActiveCfg = Release|Any CPU
		{610BDB8A-246E-408B-B74F-82F1A8B86456}.Release|Any CPU.Build.0 = Release|Any CPU
		{610BDB8A-246E-408B-B74F-82F1A8B86456}.Release|x64.ActiveCfg = Release|Any CPU
		{610BDB8A-246E-408B-B74F-82F1A8B86456}.Release|x64.Build.0 = Release|Any CPU
		{610BDB8A-246E-408B-B74F-82F1A8B86456}.Release|x86.ActiveCfg = Release|Any CPU
		{610BDB8A-246E-408B-B74F-82F1A8B86456}.Release|x86.Build.0 = Release|Any CPU
		{437CC7AF-CA55-4DAA-A467-C3DE65DE20ED}.Debug|Any CPU.ActiveCfg = Debug|Any CPU
		{437CC7AF-CA55-4DAA-A467-C3DE65DE20ED}.Debug|Any CPU.Build.0 = Debug|Any CPU
		{437CC7AF-CA55-4DAA-A467-C3DE65DE20ED}.Debug|x64.ActiveCfg = Debug|Any CPU
		{437CC7AF-CA55-4DAA-A467-C3DE65DE20ED}.Debug|x64.Build.0 = Debug|Any CPU
		{437CC7AF-CA55-4DAA-A467-C3DE65DE20ED}.Debug|x86.ActiveCfg = Debug|Any CPU
		{437CC7AF-CA55-4DAA-A467-C3DE65DE20ED}.Debug|x86.Build.0 = Debug|Any CPU
		{437CC7AF-CA55-4DAA-A467-C3DE65DE20ED}.Release|Any CPU.ActiveCfg = Release|Any CPU
		{437CC7AF-CA55-4DAA-A467-C3DE65DE20ED}.Release|Any CPU.Build.0 = Release|Any CPU
		{437CC7AF-CA55-4DAA-A467-C3DE65DE20ED}.Release|x64.ActiveCfg = Release|Any CPU
		{437CC7AF-CA55-4DAA-A467-C3DE65DE20ED}.Release|x64.Build.0 = Release|Any CPU
		{437CC7AF-CA55-4DAA-A467-C3DE65DE20ED}.Release|x86.ActiveCfg = Release|Any CPU
		{437CC7AF-CA55-4DAA-A467-C3DE65DE20ED}.Release|x86.Build.0 = Release|Any CPU
		{8CBA58C2-B7A9-4251-B483-4600F0E3CFAD}.Debug|Any CPU.ActiveCfg = Debug|Any CPU
		{8CBA58C2-B7A9-4251-B483-4600F0E3CFAD}.Debug|Any CPU.Build.0 = Debug|Any CPU
		{8CBA58C2-B7A9-4251-B483-4600F0E3CFAD}.Debug|x64.ActiveCfg = Debug|Any CPU
		{8CBA58C2-B7A9-4251-B483-4600F0E3CFAD}.Debug|x64.Build.0 = Debug|Any CPU
		{8CBA58C2-B7A9-4251-B483-4600F0E3CFAD}.Debug|x86.ActiveCfg = Debug|Any CPU
		{8CBA58C2-B7A9-4251-B483-4600F0E3CFAD}.Debug|x86.Build.0 = Debug|Any CPU
		{8CBA58C2-B7A9-4251-B483-4600F0E3CFAD}.Release|Any CPU.ActiveCfg = Release|Any CPU
		{8CBA58C2-B7A9-4251-B483-4600F0E3CFAD}.Release|Any CPU.Build.0 = Release|Any CPU
		{8CBA58C2-B7A9-4251-B483-4600F0E3CFAD}.Release|x64.ActiveCfg = Release|Any CPU
		{8CBA58C2-B7A9-4251-B483-4600F0E3CFAD}.Release|x64.Build.0 = Release|Any CPU
		{8CBA58C2-B7A9-4251-B483-4600F0E3CFAD}.Release|x86.ActiveCfg = Release|Any CPU
		{8CBA58C2-B7A9-4251-B483-4600F0E3CFAD}.Release|x86.Build.0 = Release|Any CPU
		{CB53C8C6-9686-46F1-B56A-9CE4C240B50B}.Debug|Any CPU.ActiveCfg = Debug|Any CPU
		{CB53C8C6-9686-46F1-B56A-9CE4C240B50B}.Debug|Any CPU.Build.0 = Debug|Any CPU
		{CB53C8C6-9686-46F1-B56A-9CE4C240B50B}.Debug|x64.ActiveCfg = Debug|Any CPU
		{CB53C8C6-9686-46F1-B56A-9CE4C240B50B}.Debug|x64.Build.0 = Debug|Any CPU
		{CB53C8C6-9686-46F1-B56A-9CE4C240B50B}.Debug|x86.ActiveCfg = Debug|Any CPU
		{CB53C8C6-9686-46F1-B56A-9CE4C240B50B}.Debug|x86.Build.0 = Debug|Any CPU
		{CB53C8C6-9686-46F1-B56A-9CE4C240B50B}.Release|Any CPU.ActiveCfg = Release|Any CPU
		{CB53C8C6-9686-46F1-B56A-9CE4C240B50B}.Release|Any CPU.Build.0 = Release|Any CPU
		{CB53C8C6-9686-46F1-B56A-9CE4C240B50B}.Release|x64.ActiveCfg = Release|Any CPU
		{CB53C8C6-9686-46F1-B56A-9CE4C240B50B}.Release|x64.Build.0 = Release|Any CPU
		{CB53C8C6-9686-46F1-B56A-9CE4C240B50B}.Release|x86.ActiveCfg = Release|Any CPU
		{CB53C8C6-9686-46F1-B56A-9CE4C240B50B}.Release|x86.Build.0 = Release|Any CPU
		{7E83BDC0-40F6-4FC9-A986-0C5E37E41603}.Debug|Any CPU.ActiveCfg = Debug|Any CPU
		{7E83BDC0-40F6-4FC9-A986-0C5E37E41603}.Debug|Any CPU.Build.0 = Debug|Any CPU
		{7E83BDC0-40F6-4FC9-A986-0C5E37E41603}.Debug|x64.ActiveCfg = Debug|Any CPU
		{7E83BDC0-40F6-4FC9-A986-0C5E37E41603}.Debug|x64.Build.0 = Debug|Any CPU
		{7E83BDC0-40F6-4FC9-A986-0C5E37E41603}.Debug|x86.ActiveCfg = Debug|Any CPU
		{7E83BDC0-40F6-4FC9-A986-0C5E37E41603}.Debug|x86.Build.0 = Debug|Any CPU
		{7E83BDC0-40F6-4FC9-A986-0C5E37E41603}.Release|Any CPU.ActiveCfg = Release|Any CPU
		{7E83BDC0-40F6-4FC9-A986-0C5E37E41603}.Release|Any CPU.Build.0 = Release|Any CPU
		{7E83BDC0-40F6-4FC9-A986-0C5E37E41603}.Release|x64.ActiveCfg = Release|Any CPU
		{7E83BDC0-40F6-4FC9-A986-0C5E37E41603}.Release|x64.Build.0 = Release|Any CPU
		{7E83BDC0-40F6-4FC9-A986-0C5E37E41603}.Release|x86.ActiveCfg = Release|Any CPU
		{7E83BDC0-40F6-4FC9-A986-0C5E37E41603}.Release|x86.Build.0 = Release|Any CPU
		{B9D931C0-F068-4646-AAA5-D7C5DB315F8A}.Debug|Any CPU.ActiveCfg = Debug|Any CPU
		{B9D931C0-F068-4646-AAA5-D7C5DB315F8A}.Debug|Any CPU.Build.0 = Debug|Any CPU
		{B9D931C0-F068-4646-AAA5-D7C5DB315F8A}.Debug|x64.ActiveCfg = Debug|Any CPU
		{B9D931C0-F068-4646-AAA5-D7C5DB315F8A}.Debug|x64.Build.0 = Debug|Any CPU
		{B9D931C0-F068-4646-AAA5-D7C5DB315F8A}.Debug|x86.ActiveCfg = Debug|Any CPU
		{B9D931C0-F068-4646-AAA5-D7C5DB315F8A}.Debug|x86.Build.0 = Debug|Any CPU
		{B9D931C0-F068-4646-AAA5-D7C5DB315F8A}.Release|Any CPU.ActiveCfg = Release|Any CPU
		{B9D931C0-F068-4646-AAA5-D7C5DB315F8A}.Release|Any CPU.Build.0 = Release|Any CPU
		{B9D931C0-F068-4646-AAA5-D7C5DB315F8A}.Release|x64.ActiveCfg = Release|Any CPU
		{B9D931C0-F068-4646-AAA5-D7C5DB315F8A}.Release|x64.Build.0 = Release|Any CPU
		{B9D931C0-F068-4646-AAA5-D7C5DB315F8A}.Release|x86.ActiveCfg = Release|Any CPU
		{B9D931C0-F068-4646-AAA5-D7C5DB315F8A}.Release|x86.Build.0 = Release|Any CPU
		{06587DE9-13B1-48E1-AB0E-F6863C2948FC}.Debug|Any CPU.ActiveCfg = Debug|Any CPU
		{06587DE9-13B1-48E1-AB0E-F6863C2948FC}.Debug|Any CPU.Build.0 = Debug|Any CPU
		{06587DE9-13B1-48E1-AB0E-F6863C2948FC}.Debug|x64.ActiveCfg = Debug|Any CPU
		{06587DE9-13B1-48E1-AB0E-F6863C2948FC}.Debug|x64.Build.0 = Debug|Any CPU
		{06587DE9-13B1-48E1-AB0E-F6863C2948FC}.Debug|x86.ActiveCfg = Debug|Any CPU
		{06587DE9-13B1-48E1-AB0E-F6863C2948FC}.Debug|x86.Build.0 = Debug|Any CPU
		{06587DE9-13B1-48E1-AB0E-F6863C2948FC}.Release|Any CPU.ActiveCfg = Release|Any CPU
		{06587DE9-13B1-48E1-AB0E-F6863C2948FC}.Release|Any CPU.Build.0 = Release|Any CPU
		{06587DE9-13B1-48E1-AB0E-F6863C2948FC}.Release|x64.ActiveCfg = Release|Any CPU
		{06587DE9-13B1-48E1-AB0E-F6863C2948FC}.Release|x64.Build.0 = Release|Any CPU
		{06587DE9-13B1-48E1-AB0E-F6863C2948FC}.Release|x86.ActiveCfg = Release|Any CPU
		{06587DE9-13B1-48E1-AB0E-F6863C2948FC}.Release|x86.Build.0 = Release|Any CPU
		{44963F98-946A-414E-986D-7306F735A2CE}.Debug|Any CPU.ActiveCfg = Debug|Any CPU
		{44963F98-946A-414E-986D-7306F735A2CE}.Debug|Any CPU.Build.0 = Debug|Any CPU
		{44963F98-946A-414E-986D-7306F735A2CE}.Debug|x64.ActiveCfg = Debug|Any CPU
		{44963F98-946A-414E-986D-7306F735A2CE}.Debug|x64.Build.0 = Debug|Any CPU
		{44963F98-946A-414E-986D-7306F735A2CE}.Debug|x86.ActiveCfg = Debug|Any CPU
		{44963F98-946A-414E-986D-7306F735A2CE}.Debug|x86.Build.0 = Debug|Any CPU
		{44963F98-946A-414E-986D-7306F735A2CE}.Release|Any CPU.ActiveCfg = Release|Any CPU
		{44963F98-946A-414E-986D-7306F735A2CE}.Release|Any CPU.Build.0 = Release|Any CPU
		{44963F98-946A-414E-986D-7306F735A2CE}.Release|x64.ActiveCfg = Release|Any CPU
		{44963F98-946A-414E-986D-7306F735A2CE}.Release|x64.Build.0 = Release|Any CPU
		{44963F98-946A-414E-986D-7306F735A2CE}.Release|x86.ActiveCfg = Release|Any CPU
		{44963F98-946A-414E-986D-7306F735A2CE}.Release|x86.Build.0 = Release|Any CPU
		{B3BB88D6-B8B7-46F4-80FB-F8890D17A310}.Debug|Any CPU.ActiveCfg = Debug|Any CPU
		{B3BB88D6-B8B7-46F4-80FB-F8890D17A310}.Debug|Any CPU.Build.0 = Debug|Any CPU
		{B3BB88D6-B8B7-46F4-80FB-F8890D17A310}.Debug|x64.ActiveCfg = Debug|Any CPU
		{B3BB88D6-B8B7-46F4-80FB-F8890D17A310}.Debug|x64.Build.0 = Debug|Any CPU
		{B3BB88D6-B8B7-46F4-80FB-F8890D17A310}.Debug|x86.ActiveCfg = Debug|Any CPU
		{B3BB88D6-B8B7-46F4-80FB-F8890D17A310}.Debug|x86.Build.0 = Debug|Any CPU
		{B3BB88D6-B8B7-46F4-80FB-F8890D17A310}.Release|Any CPU.ActiveCfg = Release|Any CPU
		{B3BB88D6-B8B7-46F4-80FB-F8890D17A310}.Release|Any CPU.Build.0 = Release|Any CPU
		{B3BB88D6-B8B7-46F4-80FB-F8890D17A310}.Release|x64.ActiveCfg = Release|Any CPU
		{B3BB88D6-B8B7-46F4-80FB-F8890D17A310}.Release|x64.Build.0 = Release|Any CPU
		{B3BB88D6-B8B7-46F4-80FB-F8890D17A310}.Release|x86.ActiveCfg = Release|Any CPU
		{B3BB88D6-B8B7-46F4-80FB-F8890D17A310}.Release|x86.Build.0 = Release|Any CPU
		{960A8390-CB21-4240-8D19-8F2B1A1ACB3D}.Debug|Any CPU.ActiveCfg = Debug|Any CPU
		{960A8390-CB21-4240-8D19-8F2B1A1ACB3D}.Debug|Any CPU.Build.0 = Debug|Any CPU
		{960A8390-CB21-4240-8D19-8F2B1A1ACB3D}.Debug|x64.ActiveCfg = Debug|Any CPU
		{960A8390-CB21-4240-8D19-8F2B1A1ACB3D}.Debug|x64.Build.0 = Debug|Any CPU
		{960A8390-CB21-4240-8D19-8F2B1A1ACB3D}.Debug|x86.ActiveCfg = Debug|Any CPU
		{960A8390-CB21-4240-8D19-8F2B1A1ACB3D}.Debug|x86.Build.0 = Debug|Any CPU
		{960A8390-CB21-4240-8D19-8F2B1A1ACB3D}.Release|Any CPU.ActiveCfg = Release|Any CPU
		{960A8390-CB21-4240-8D19-8F2B1A1ACB3D}.Release|Any CPU.Build.0 = Release|Any CPU
		{960A8390-CB21-4240-8D19-8F2B1A1ACB3D}.Release|x64.ActiveCfg = Release|Any CPU
		{960A8390-CB21-4240-8D19-8F2B1A1ACB3D}.Release|x64.Build.0 = Release|Any CPU
		{960A8390-CB21-4240-8D19-8F2B1A1ACB3D}.Release|x86.ActiveCfg = Release|Any CPU
		{960A8390-CB21-4240-8D19-8F2B1A1ACB3D}.Release|x86.Build.0 = Release|Any CPU
		{13A96256-5D8D-48A4-A56A-1B3C941444F2}.Debug|Any CPU.ActiveCfg = Debug|Any CPU
		{13A96256-5D8D-48A4-A56A-1B3C941444F2}.Debug|Any CPU.Build.0 = Debug|Any CPU
		{13A96256-5D8D-48A4-A56A-1B3C941444F2}.Debug|x64.ActiveCfg = Debug|Any CPU
		{13A96256-5D8D-48A4-A56A-1B3C941444F2}.Debug|x64.Build.0 = Debug|Any CPU
		{13A96256-5D8D-48A4-A56A-1B3C941444F2}.Debug|x86.ActiveCfg = Debug|Any CPU
		{13A96256-5D8D-48A4-A56A-1B3C941444F2}.Debug|x86.Build.0 = Debug|Any CPU
		{13A96256-5D8D-48A4-A56A-1B3C941444F2}.Release|Any CPU.ActiveCfg = Release|Any CPU
		{13A96256-5D8D-48A4-A56A-1B3C941444F2}.Release|Any CPU.Build.0 = Release|Any CPU
		{13A96256-5D8D-48A4-A56A-1B3C941444F2}.Release|x64.ActiveCfg = Release|Any CPU
		{13A96256-5D8D-48A4-A56A-1B3C941444F2}.Release|x64.Build.0 = Release|Any CPU
		{13A96256-5D8D-48A4-A56A-1B3C941444F2}.Release|x86.ActiveCfg = Release|Any CPU
		{13A96256-5D8D-48A4-A56A-1B3C941444F2}.Release|x86.Build.0 = Release|Any CPU
		{FA7A5CA1-11B1-4DC8-AEDC-475B2D447180}.Debug|Any CPU.ActiveCfg = Debug|Any CPU
		{FA7A5CA1-11B1-4DC8-AEDC-475B2D447180}.Debug|Any CPU.Build.0 = Debug|Any CPU
		{FA7A5CA1-11B1-4DC8-AEDC-475B2D447180}.Debug|x64.ActiveCfg = Debug|Any CPU
		{FA7A5CA1-11B1-4DC8-AEDC-475B2D447180}.Debug|x64.Build.0 = Debug|Any CPU
		{FA7A5CA1-11B1-4DC8-AEDC-475B2D447180}.Debug|x86.ActiveCfg = Debug|Any CPU
		{FA7A5CA1-11B1-4DC8-AEDC-475B2D447180}.Debug|x86.Build.0 = Debug|Any CPU
		{FA7A5CA1-11B1-4DC8-AEDC-475B2D447180}.Release|Any CPU.ActiveCfg = Release|Any CPU
		{FA7A5CA1-11B1-4DC8-AEDC-475B2D447180}.Release|Any CPU.Build.0 = Release|Any CPU
		{FA7A5CA1-11B1-4DC8-AEDC-475B2D447180}.Release|x64.ActiveCfg = Release|Any CPU
		{FA7A5CA1-11B1-4DC8-AEDC-475B2D447180}.Release|x64.Build.0 = Release|Any CPU
		{FA7A5CA1-11B1-4DC8-AEDC-475B2D447180}.Release|x86.ActiveCfg = Release|Any CPU
		{FA7A5CA1-11B1-4DC8-AEDC-475B2D447180}.Release|x86.Build.0 = Release|Any CPU
		{24D868FF-4CE0-4DC4-B2DB-B8512AEDD07A}.Debug|Any CPU.ActiveCfg = Debug|Any CPU
		{24D868FF-4CE0-4DC4-B2DB-B8512AEDD07A}.Debug|Any CPU.Build.0 = Debug|Any CPU
		{24D868FF-4CE0-4DC4-B2DB-B8512AEDD07A}.Debug|x64.ActiveCfg = Debug|Any CPU
		{24D868FF-4CE0-4DC4-B2DB-B8512AEDD07A}.Debug|x64.Build.0 = Debug|Any CPU
		{24D868FF-4CE0-4DC4-B2DB-B8512AEDD07A}.Debug|x86.ActiveCfg = Debug|Any CPU
		{24D868FF-4CE0-4DC4-B2DB-B8512AEDD07A}.Debug|x86.Build.0 = Debug|Any CPU
		{24D868FF-4CE0-4DC4-B2DB-B8512AEDD07A}.Release|Any CPU.ActiveCfg = Release|Any CPU
		{24D868FF-4CE0-4DC4-B2DB-B8512AEDD07A}.Release|Any CPU.Build.0 = Release|Any CPU
		{24D868FF-4CE0-4DC4-B2DB-B8512AEDD07A}.Release|x64.ActiveCfg = Release|Any CPU
		{24D868FF-4CE0-4DC4-B2DB-B8512AEDD07A}.Release|x64.Build.0 = Release|Any CPU
		{24D868FF-4CE0-4DC4-B2DB-B8512AEDD07A}.Release|x86.ActiveCfg = Release|Any CPU
		{24D868FF-4CE0-4DC4-B2DB-B8512AEDD07A}.Release|x86.Build.0 = Release|Any CPU
		{74A84D95-DC4E-4DF3-9F03-78ECE4B8E7FB}.Debug|Any CPU.ActiveCfg = Debug|Any CPU
		{74A84D95-DC4E-4DF3-9F03-78ECE4B8E7FB}.Debug|Any CPU.Build.0 = Debug|Any CPU
		{74A84D95-DC4E-4DF3-9F03-78ECE4B8E7FB}.Debug|x64.ActiveCfg = Debug|Any CPU
		{74A84D95-DC4E-4DF3-9F03-78ECE4B8E7FB}.Debug|x64.Build.0 = Debug|Any CPU
		{74A84D95-DC4E-4DF3-9F03-78ECE4B8E7FB}.Debug|x86.ActiveCfg = Debug|Any CPU
		{74A84D95-DC4E-4DF3-9F03-78ECE4B8E7FB}.Debug|x86.Build.0 = Debug|Any CPU
		{74A84D95-DC4E-4DF3-9F03-78ECE4B8E7FB}.Release|Any CPU.ActiveCfg = Release|Any CPU
		{74A84D95-DC4E-4DF3-9F03-78ECE4B8E7FB}.Release|Any CPU.Build.0 = Release|Any CPU
		{74A84D95-DC4E-4DF3-9F03-78ECE4B8E7FB}.Release|x64.ActiveCfg = Release|Any CPU
		{74A84D95-DC4E-4DF3-9F03-78ECE4B8E7FB}.Release|x64.Build.0 = Release|Any CPU
		{74A84D95-DC4E-4DF3-9F03-78ECE4B8E7FB}.Release|x86.ActiveCfg = Release|Any CPU
		{74A84D95-DC4E-4DF3-9F03-78ECE4B8E7FB}.Release|x86.Build.0 = Release|Any CPU
		{BCD5747E-19F1-4056-B0C1-3E20B0B97ABC}.Debug|Any CPU.ActiveCfg = Debug|Any CPU
		{BCD5747E-19F1-4056-B0C1-3E20B0B97ABC}.Debug|Any CPU.Build.0 = Debug|Any CPU
		{BCD5747E-19F1-4056-B0C1-3E20B0B97ABC}.Debug|x64.ActiveCfg = Debug|Any CPU
		{BCD5747E-19F1-4056-B0C1-3E20B0B97ABC}.Debug|x64.Build.0 = Debug|Any CPU
		{BCD5747E-19F1-4056-B0C1-3E20B0B97ABC}.Debug|x86.ActiveCfg = Debug|Any CPU
		{BCD5747E-19F1-4056-B0C1-3E20B0B97ABC}.Debug|x86.Build.0 = Debug|Any CPU
		{BCD5747E-19F1-4056-B0C1-3E20B0B97ABC}.Release|Any CPU.ActiveCfg = Release|Any CPU
		{BCD5747E-19F1-4056-B0C1-3E20B0B97ABC}.Release|Any CPU.Build.0 = Release|Any CPU
		{BCD5747E-19F1-4056-B0C1-3E20B0B97ABC}.Release|x64.ActiveCfg = Release|Any CPU
		{BCD5747E-19F1-4056-B0C1-3E20B0B97ABC}.Release|x64.Build.0 = Release|Any CPU
		{BCD5747E-19F1-4056-B0C1-3E20B0B97ABC}.Release|x86.ActiveCfg = Release|Any CPU
		{BCD5747E-19F1-4056-B0C1-3E20B0B97ABC}.Release|x86.Build.0 = Release|Any CPU
		{E236B97E-3553-4D42-9570-09E6041466B1}.Debug|Any CPU.ActiveCfg = Debug|Any CPU
		{E236B97E-3553-4D42-9570-09E6041466B1}.Debug|Any CPU.Build.0 = Debug|Any CPU
		{E236B97E-3553-4D42-9570-09E6041466B1}.Debug|x64.ActiveCfg = Debug|Any CPU
		{E236B97E-3553-4D42-9570-09E6041466B1}.Debug|x64.Build.0 = Debug|Any CPU
		{E236B97E-3553-4D42-9570-09E6041466B1}.Debug|x86.ActiveCfg = Debug|Any CPU
		{E236B97E-3553-4D42-9570-09E6041466B1}.Debug|x86.Build.0 = Debug|Any CPU
		{E236B97E-3553-4D42-9570-09E6041466B1}.Release|Any CPU.ActiveCfg = Release|Any CPU
		{E236B97E-3553-4D42-9570-09E6041466B1}.Release|Any CPU.Build.0 = Release|Any CPU
		{E236B97E-3553-4D42-9570-09E6041466B1}.Release|x64.ActiveCfg = Release|Any CPU
		{E236B97E-3553-4D42-9570-09E6041466B1}.Release|x64.Build.0 = Release|Any CPU
		{E236B97E-3553-4D42-9570-09E6041466B1}.Release|x86.ActiveCfg = Release|Any CPU
		{E236B97E-3553-4D42-9570-09E6041466B1}.Release|x86.Build.0 = Release|Any CPU
		{C52790C4-25BF-457B-B5C6-0AB15EF22186}.Debug|Any CPU.ActiveCfg = Debug|Any CPU
		{C52790C4-25BF-457B-B5C6-0AB15EF22186}.Debug|Any CPU.Build.0 = Debug|Any CPU
		{C52790C4-25BF-457B-B5C6-0AB15EF22186}.Debug|x64.ActiveCfg = Debug|Any CPU
		{C52790C4-25BF-457B-B5C6-0AB15EF22186}.Debug|x64.Build.0 = Debug|Any CPU
		{C52790C4-25BF-457B-B5C6-0AB15EF22186}.Debug|x86.ActiveCfg = Debug|Any CPU
		{C52790C4-25BF-457B-B5C6-0AB15EF22186}.Debug|x86.Build.0 = Debug|Any CPU
		{C52790C4-25BF-457B-B5C6-0AB15EF22186}.Release|Any CPU.ActiveCfg = Release|Any CPU
		{C52790C4-25BF-457B-B5C6-0AB15EF22186}.Release|Any CPU.Build.0 = Release|Any CPU
		{C52790C4-25BF-457B-B5C6-0AB15EF22186}.Release|x64.ActiveCfg = Release|Any CPU
		{C52790C4-25BF-457B-B5C6-0AB15EF22186}.Release|x64.Build.0 = Release|Any CPU
		{C52790C4-25BF-457B-B5C6-0AB15EF22186}.Release|x86.ActiveCfg = Release|Any CPU
		{C52790C4-25BF-457B-B5C6-0AB15EF22186}.Release|x86.Build.0 = Release|Any CPU
		{BC17EE26-5559-4A8C-967F-4EC0AF388A54}.Debug|Any CPU.ActiveCfg = Debug|Any CPU
		{BC17EE26-5559-4A8C-967F-4EC0AF388A54}.Debug|Any CPU.Build.0 = Debug|Any CPU
		{BC17EE26-5559-4A8C-967F-4EC0AF388A54}.Debug|x64.ActiveCfg = Debug|Any CPU
		{BC17EE26-5559-4A8C-967F-4EC0AF388A54}.Debug|x64.Build.0 = Debug|Any CPU
		{BC17EE26-5559-4A8C-967F-4EC0AF388A54}.Debug|x86.ActiveCfg = Debug|Any CPU
		{BC17EE26-5559-4A8C-967F-4EC0AF388A54}.Debug|x86.Build.0 = Debug|Any CPU
		{BC17EE26-5559-4A8C-967F-4EC0AF388A54}.Release|Any CPU.ActiveCfg = Release|Any CPU
		{BC17EE26-5559-4A8C-967F-4EC0AF388A54}.Release|Any CPU.Build.0 = Release|Any CPU
		{BC17EE26-5559-4A8C-967F-4EC0AF388A54}.Release|x64.ActiveCfg = Release|Any CPU
		{BC17EE26-5559-4A8C-967F-4EC0AF388A54}.Release|x64.Build.0 = Release|Any CPU
		{BC17EE26-5559-4A8C-967F-4EC0AF388A54}.Release|x86.ActiveCfg = Release|Any CPU
		{BC17EE26-5559-4A8C-967F-4EC0AF388A54}.Release|x86.Build.0 = Release|Any CPU
	EndGlobalSection
	GlobalSection(SolutionProperties) = preSolution
		HideSolutionNode = FALSE
	EndGlobalSection
	GlobalSection(NestedProjects) = preSolution
		{1AF65AC7-2AC4-449C-A806-B7DF52DFA61D} = {827E0CD3-B72D-47B6-A68D-7590B98EB39B}
		{E4B5BA3F-120B-4FF5-A89B-86C35168DEC2} = {827E0CD3-B72D-47B6-A68D-7590B98EB39B}
		{79E11BC8-EABA-40A1-B352-E1D4B6BDDAAA} = {827E0CD3-B72D-47B6-A68D-7590B98EB39B}
		{89120506-A2FE-4F22-8458-D6E75433FC9F} = {827E0CD3-B72D-47B6-A68D-7590B98EB39B}
		{F0D1207B-8113-4D18-BC9E-75119A14F2E9} = {827E0CD3-B72D-47B6-A68D-7590B98EB39B}
		{65E89234-5C49-4C94-AF7A-6A0AE6E7E806} = {827E0CD3-B72D-47B6-A68D-7590B98EB39B}
		{195CD670-6970-434C-907B-1131DF80FB42} = {827E0CD3-B72D-47B6-A68D-7590B98EB39B}
		{772235D5-4285-4A01-ABA4-C2C55742DBD1} = {827E0CD3-B72D-47B6-A68D-7590B98EB39B}
		{1859D2E9-3B3C-4BCE-A785-CF559D626B28} = {827E0CD3-B72D-47B6-A68D-7590B98EB39B}
		{DE7F8889-DD14-40C1-BDBB-4736A2B0D6C1} = {827E0CD3-B72D-47B6-A68D-7590B98EB39B}
		{F93EF15D-424C-425C-A3CC-C2690F8A8FDF} = {827E0CD3-B72D-47B6-A68D-7590B98EB39B}
		{2DA7F982-257C-4B73-8659-4A370308EA43} = {827E0CD3-B72D-47B6-A68D-7590B98EB39B}
		{495C0658-EE95-4FDA-AC59-4B9D26F0EFFD} = {827E0CD3-B72D-47B6-A68D-7590B98EB39B}
		{A05D2D83-9584-4D07-AC7C-6F44D1A2AD80} = {827E0CD3-B72D-47B6-A68D-7590B98EB39B}
		{A483BFB8-512B-48BF-B4E5-69E0883432CE} = {827E0CD3-B72D-47B6-A68D-7590B98EB39B}
		{4F2065C2-6FC6-4F2E-AAAB-54F0199F02FA} = {827E0CD3-B72D-47B6-A68D-7590B98EB39B}
		{9A5CECF1-858C-49AB-BA83-08932209BCEE} = {827E0CD3-B72D-47B6-A68D-7590B98EB39B}
		{F61FC4DE-7C70-4A8E-8218-4B931F68FF09} = {827E0CD3-B72D-47B6-A68D-7590B98EB39B}
		{E445CE5A-B9EF-42F1-9DB2-8AF32BFF83A1} = {827E0CD3-B72D-47B6-A68D-7590B98EB39B}
		{EF363947-7973-4856-8415-882E43E6D49F} = {827E0CD3-B72D-47B6-A68D-7590B98EB39B}
		{610BDB8A-246E-408B-B74F-82F1A8B86456} = {827E0CD3-B72D-47B6-A68D-7590B98EB39B}
		{437CC7AF-CA55-4DAA-A467-C3DE65DE20ED} = {827E0CD3-B72D-47B6-A68D-7590B98EB39B}
		{8CBA58C2-B7A9-4251-B483-4600F0E3CFAD} = {827E0CD3-B72D-47B6-A68D-7590B98EB39B}
		{CB53C8C6-9686-46F1-B56A-9CE4C240B50B} = {827E0CD3-B72D-47B6-A68D-7590B98EB39B}
		{7E83BDC0-40F6-4FC9-A986-0C5E37E41603} = {827E0CD3-B72D-47B6-A68D-7590B98EB39B}
		{B9D931C0-F068-4646-AAA5-D7C5DB315F8A} = {827E0CD3-B72D-47B6-A68D-7590B98EB39B}
		{06587DE9-13B1-48E1-AB0E-F6863C2948FC} = {827E0CD3-B72D-47B6-A68D-7590B98EB39B}
		{44963F98-946A-414E-986D-7306F735A2CE} = {827E0CD3-B72D-47B6-A68D-7590B98EB39B}
		{B3BB88D6-B8B7-46F4-80FB-F8890D17A310} = {827E0CD3-B72D-47B6-A68D-7590B98EB39B}
		{960A8390-CB21-4240-8D19-8F2B1A1ACB3D} = {827E0CD3-B72D-47B6-A68D-7590B98EB39B}
		{13A96256-5D8D-48A4-A56A-1B3C941444F2} = {827E0CD3-B72D-47B6-A68D-7590B98EB39B}
		{FA7A5CA1-11B1-4DC8-AEDC-475B2D447180} = {827E0CD3-B72D-47B6-A68D-7590B98EB39B}
		{24D868FF-4CE0-4DC4-B2DB-B8512AEDD07A} = {827E0CD3-B72D-47B6-A68D-7590B98EB39B}
		{74A84D95-DC4E-4DF3-9F03-78ECE4B8E7FB} = {827E0CD3-B72D-47B6-A68D-7590B98EB39B}
		{BCD5747E-19F1-4056-B0C1-3E20B0B97ABC} = {827E0CD3-B72D-47B6-A68D-7590B98EB39B}
		{E236B97E-3553-4D42-9570-09E6041466B1} = {827E0CD3-B72D-47B6-A68D-7590B98EB39B}
		{C52790C4-25BF-457B-B5C6-0AB15EF22186} = {827E0CD3-B72D-47B6-A68D-7590B98EB39B}
		{BC17EE26-5559-4A8C-967F-4EC0AF388A54} = {5D20AA90-6969-D8BD-9DCD-8634F4692FDA}
	EndGlobalSection
EndGlobal
